// !$*UTF8*$!
{
	archiveVersion = 1;
	classes = {
	};
	objectVersion = 56;
	objects = {

/* Begin PBXBuildFile section */
		FB064B6F295D897C00E68B7F /* AppDelegate.swift in Sources */ = {isa = PBXBuildFile; fileRef = FB064B6E295D897C00E68B7F /* AppDelegate.swift */; };
		FB064B71295D897C00E68B7F /* SceneDelegate.swift in Sources */ = {isa = PBXBuildFile; fileRef = FB064B70295D897C00E68B7F /* SceneDelegate.swift */; };
		FB064B73295D897C00E68B7F /* SignUpVC.swift in Sources */ = {isa = PBXBuildFile; fileRef = FB064B72295D897C00E68B7F /* SignUpVC.swift */; };
		FB064B78295D897F00E68B7F /* Assets.xcassets in Resources */ = {isa = PBXBuildFile; fileRef = FB064B77295D897F00E68B7F /* Assets.xcassets */; };
		FB064B7B295D897F00E68B7F /* LaunchScreen.storyboard in Resources */ = {isa = PBXBuildFile; fileRef = FB064B79295D897F00E68B7F /* LaunchScreen.storyboard */; };
		FB064B8A295D8B4D00E68B7F /* lottie.json in Resources */ = {isa = PBXBuildFile; fileRef = FB064B89295D8B4D00E68B7F /* lottie.json */; };
		FB064B8F295D8C0300E68B7F /* Lottie in Frameworks */ = {isa = PBXBuildFile; productRef = FB064B8E295D8C0300E68B7F /* Lottie */; };
		FB064B92295D8C2E00E68B7F /* OnboardingVC.swift in Sources */ = {isa = PBXBuildFile; fileRef = FB064B91295D8C2E00E68B7F /* OnboardingVC.swift */; };
		FB064B95295D904100E68B7F /* DMButton.swift in Sources */ = {isa = PBXBuildFile; fileRef = FB064B94295D904100E68B7F /* DMButton.swift */; };
		FB064B99295D983900E68B7F /* UIColor.swift in Sources */ = {isa = PBXBuildFile; fileRef = FB064B98295D983900E68B7F /* UIColor.swift */; };
		FB064B9B295D985200E68B7F /* UIView.swift in Sources */ = {isa = PBXBuildFile; fileRef = FB064B9A295D985200E68B7F /* UIView.swift */; };
		FB064B9E295E103300E68B7F /* SnapKit in Frameworks */ = {isa = PBXBuildFile; productRef = FB064B9D295E103300E68B7F /* SnapKit */; };
		FB064BA0295E14CE00E68B7F /* SignInVC.swift in Sources */ = {isa = PBXBuildFile; fileRef = FB064B9F295E14CE00E68B7F /* SignInVC.swift */; };
		FB064BA2295E1B2000E68B7F /* DMTextField.swift in Sources */ = {isa = PBXBuildFile; fileRef = FB064BA1295E1B2000E68B7F /* DMTextField.swift */; };
		FB71F4EC29633D39008BEC94 /* SignUpViewModel.swift in Sources */ = {isa = PBXBuildFile; fileRef = FB71F4EB29633D39008BEC94 /* SignUpViewModel.swift */; };
		FB71F4EF29634728008BEC94 /* Toast in Frameworks */ = {isa = PBXBuildFile; productRef = FB71F4EE29634728008BEC94 /* Toast */; };
		FB71F4F429634D74008BEC94 /* GoogleService-Info.plist in Resources */ = {isa = PBXBuildFile; fileRef = FB71F4F329634D74008BEC94 /* GoogleService-Info.plist */; };
		FB8F12992963516400458CBC /* FirebaseAuth in Frameworks */ = {isa = PBXBuildFile; productRef = FB8F12982963516400458CBC /* FirebaseAuth */; };
		FB8F129B2963516400458CBC /* FirebaseFirestore in Frameworks */ = {isa = PBXBuildFile; productRef = FB8F129A2963516400458CBC /* FirebaseFirestore */; };
		FB8F129D296351DF00458CBC /* UserModel.swift in Sources */ = {isa = PBXBuildFile; fileRef = FB8F129C296351DF00458CBC /* UserModel.swift */; };
		FB8F12A2296355FC00458CBC /* MainTabBarController.swift in Sources */ = {isa = PBXBuildFile; fileRef = FB8F12A1296355FC00458CBC /* MainTabBarController.swift */; };
		FB8F12A6296358C000458CBC /* BaseAuthVC.swift in Sources */ = {isa = PBXBuildFile; fileRef = FB8F12A5296358C000458CBC /* BaseAuthVC.swift */; };
		FB8F12A82963616E00458CBC /* SignInViewModel.swift in Sources */ = {isa = PBXBuildFile; fileRef = FB8F12A72963616E00458CBC /* SignInViewModel.swift */; };
		FB8F12AB2963622900458CBC /* ToastBuilder.swift in Sources */ = {isa = PBXBuildFile; fileRef = FB8F12AA2963622900458CBC /* ToastBuilder.swift */; };
		FB8F12AD29636E2E00458CBC /* HomeFeedVC.swift in Sources */ = {isa = PBXBuildFile; fileRef = FB8F12AC29636E2E00458CBC /* HomeFeedVC.swift */; };
		FB8F12AF29636E9D00458CBC /* ProfileVC.swift in Sources */ = {isa = PBXBuildFile; fileRef = FB8F12AE29636E9D00458CBC /* ProfileVC.swift */; };
		FB8F12B12964667D00458CBC /* AddPostVC.swift in Sources */ = {isa = PBXBuildFile; fileRef = FB8F12B02964667D00458CBC /* AddPostVC.swift */; };
/* End PBXBuildFile section */

/* Begin PBXFileReference section */
		FB064B6B295D897C00E68B7F /* DeveloperMedia.app */ = {isa = PBXFileReference; explicitFileType = wrapper.application; includeInIndex = 0; path = DeveloperMedia.app; sourceTree = BUILT_PRODUCTS_DIR; };
		FB064B6E295D897C00E68B7F /* AppDelegate.swift */ = {isa = PBXFileReference; lastKnownFileType = sourcecode.swift; path = AppDelegate.swift; sourceTree = "<group>"; };
		FB064B70295D897C00E68B7F /* SceneDelegate.swift */ = {isa = PBXFileReference; lastKnownFileType = sourcecode.swift; path = SceneDelegate.swift; sourceTree = "<group>"; };
		FB064B72295D897C00E68B7F /* SignUpVC.swift */ = {isa = PBXFileReference; lastKnownFileType = sourcecode.swift; path = SignUpVC.swift; sourceTree = "<group>"; };
		FB064B77295D897F00E68B7F /* Assets.xcassets */ = {isa = PBXFileReference; lastKnownFileType = folder.assetcatalog; path = Assets.xcassets; sourceTree = "<group>"; };
		FB064B7A295D897F00E68B7F /* Base */ = {isa = PBXFileReference; lastKnownFileType = file.storyboard; name = Base; path = Base.lproj/LaunchScreen.storyboard; sourceTree = "<group>"; };
		FB064B7C295D897F00E68B7F /* Info.plist */ = {isa = PBXFileReference; lastKnownFileType = text.plist.xml; path = Info.plist; sourceTree = "<group>"; };
		FB064B89295D8B4D00E68B7F /* lottie.json */ = {isa = PBXFileReference; fileEncoding = 4; lastKnownFileType = text.json; path = lottie.json; sourceTree = "<group>"; };
		FB064B91295D8C2E00E68B7F /* OnboardingVC.swift */ = {isa = PBXFileReference; lastKnownFileType = sourcecode.swift; path = OnboardingVC.swift; sourceTree = "<group>"; };
		FB064B94295D904100E68B7F /* DMButton.swift */ = {isa = PBXFileReference; lastKnownFileType = sourcecode.swift; path = DMButton.swift; sourceTree = "<group>"; };
		FB064B98295D983900E68B7F /* UIColor.swift */ = {isa = PBXFileReference; lastKnownFileType = sourcecode.swift; path = UIColor.swift; sourceTree = "<group>"; };
		FB064B9A295D985200E68B7F /* UIView.swift */ = {isa = PBXFileReference; lastKnownFileType = sourcecode.swift; path = UIView.swift; sourceTree = "<group>"; };
		FB064B9F295E14CE00E68B7F /* SignInVC.swift */ = {isa = PBXFileReference; lastKnownFileType = sourcecode.swift; path = SignInVC.swift; sourceTree = "<group>"; };
		FB064BA1295E1B2000E68B7F /* DMTextField.swift */ = {isa = PBXFileReference; lastKnownFileType = sourcecode.swift; path = DMTextField.swift; sourceTree = "<group>"; };
		FB71F4EB29633D39008BEC94 /* SignUpViewModel.swift */ = {isa = PBXFileReference; lastKnownFileType = sourcecode.swift; path = SignUpViewModel.swift; sourceTree = "<group>"; };
		FB71F4F329634D74008BEC94 /* GoogleService-Info.plist */ = {isa = PBXFileReference; fileEncoding = 4; lastKnownFileType = text.plist.xml; path = "GoogleService-Info.plist"; sourceTree = "<group>"; };
		FB8F129C296351DF00458CBC /* UserModel.swift */ = {isa = PBXFileReference; lastKnownFileType = sourcecode.swift; path = UserModel.swift; sourceTree = "<group>"; };
		FB8F12A1296355FC00458CBC /* MainTabBarController.swift */ = {isa = PBXFileReference; lastKnownFileType = sourcecode.swift; path = MainTabBarController.swift; sourceTree = "<group>"; };
		FB8F12A5296358C000458CBC /* BaseAuthVC.swift */ = {isa = PBXFileReference; lastKnownFileType = sourcecode.swift; path = BaseAuthVC.swift; sourceTree = "<group>"; };
		FB8F12A72963616E00458CBC /* SignInViewModel.swift */ = {isa = PBXFileReference; lastKnownFileType = sourcecode.swift; path = SignInViewModel.swift; sourceTree = "<group>"; };
		FB8F12AA2963622900458CBC /* ToastBuilder.swift */ = {isa = PBXFileReference; lastKnownFileType = sourcecode.swift; path = ToastBuilder.swift; sourceTree = "<group>"; };
		FB8F12AC29636E2E00458CBC /* HomeFeedVC.swift */ = {isa = PBXFileReference; lastKnownFileType = sourcecode.swift; path = HomeFeedVC.swift; sourceTree = "<group>"; };
		FB8F12AE29636E9D00458CBC /* ProfileVC.swift */ = {isa = PBXFileReference; lastKnownFileType = sourcecode.swift; path = ProfileVC.swift; sourceTree = "<group>"; };
		FB8F12B02964667D00458CBC /* AddPostVC.swift */ = {isa = PBXFileReference; lastKnownFileType = sourcecode.swift; path = AddPostVC.swift; sourceTree = "<group>"; };
/* End PBXFileReference section */

/* Begin PBXFrameworksBuildPhase section */
		FB064B68295D897C00E68B7F /* Frameworks */ = {
			isa = PBXFrameworksBuildPhase;
			buildActionMask = 2147483647;
			files = (
				FB71F4EF29634728008BEC94 /* Toast in Frameworks */,
				FB064B8F295D8C0300E68B7F /* Lottie in Frameworks */,
				FB064B9E295E103300E68B7F /* SnapKit in Frameworks */,
				FB8F129B2963516400458CBC /* FirebaseFirestore in Frameworks */,
				FB8F12992963516400458CBC /* FirebaseAuth in Frameworks */,
			);
			runOnlyForDeploymentPostprocessing = 0;
		};
/* End PBXFrameworksBuildPhase section */

/* Begin PBXGroup section */
		FB064B62295D897C00E68B7F = {
			isa = PBXGroup;
			children = (
				FB064B6D295D897C00E68B7F /* DeveloperMedia */,
				FB064B6C295D897C00E68B7F /* Products */,
			);
			sourceTree = "<group>";
		};
		FB064B6C295D897C00E68B7F /* Products */ = {
			isa = PBXGroup;
			children = (
				FB064B6B295D897C00E68B7F /* DeveloperMedia.app */,
			);
			name = Products;
			sourceTree = "<group>";
		};
		FB064B6D295D897C00E68B7F /* DeveloperMedia */ = {
			isa = PBXGroup;
			children = (
				FB8F12A92963621E00458CBC /* Builders */,
				FB064B97295D982A00E68B7F /* Extensions */,
				FB064B82295D89E200E68B7F /* App Delegate */,
				FB064B86295D8B2600E68B7F /* Resources */,
				FB064B85295D8A1C00E68B7F /* Supporting Files */,
				FB064B93295D903200E68B7F /* CustomViews */,
				FB8F129E2963539800458CBC /* Models */,
				FB064B83295D8A0B00E68B7F /* Scenes */,
			);
			path = DeveloperMedia;
			sourceTree = "<group>";
		};
		FB064B82295D89E200E68B7F /* App Delegate */ = {
			isa = PBXGroup;
			children = (
				FB064B6E295D897C00E68B7F /* AppDelegate.swift */,
				FB064B70295D897C00E68B7F /* SceneDelegate.swift */,
			);
			path = "App Delegate";
			sourceTree = "<group>";
		};
		FB064B83295D8A0B00E68B7F /* Scenes */ = {
			isa = PBXGroup;
			children = (
				FB064B90295D8C2200E68B7F /* Onboarding */,
				FB064B84295D8A1000E68B7F /* Auth */,
			);
			path = Scenes;
			sourceTree = "<group>";
		};
		FB064B84295D8A1000E68B7F /* Auth */ = {
			isa = PBXGroup;
			children = (
				FB8F12A0296355ED00458CBC /* Core */,
				FB8F129F296354CD00458CBC /* SignIn */,
				FB71F4EA29633D2B008BEC94 /* SignUp */,
			);
			path = Auth;
			sourceTree = "<group>";
		};
		FB064B85295D8A1C00E68B7F /* Supporting Files */ = {
			isa = PBXGroup;
			children = (
				FB71F4F329634D74008BEC94 /* GoogleService-Info.plist */,
				FB064B79295D897F00E68B7F /* LaunchScreen.storyboard */,
				FB064B7C295D897F00E68B7F /* Info.plist */,
			);
			path = "Supporting Files";
			sourceTree = "<group>";
		};
		FB064B86295D8B2600E68B7F /* Resources */ = {
			isa = PBXGroup;
			children = (
				FB064B89295D8B4D00E68B7F /* lottie.json */,
				FB064B77295D897F00E68B7F /* Assets.xcassets */,
			);
			path = Resources;
			sourceTree = "<group>";
		};
		FB064B90295D8C2200E68B7F /* Onboarding */ = {
			isa = PBXGroup;
			children = (
				FB064B91295D8C2E00E68B7F /* OnboardingVC.swift */,
			);
			path = Onboarding;
			sourceTree = "<group>";
		};
		FB064B93295D903200E68B7F /* CustomViews */ = {
			isa = PBXGroup;
			children = (
				FB064B94295D904100E68B7F /* DMButton.swift */,
				FB064BA1295E1B2000E68B7F /* DMTextField.swift */,
			);
			path = CustomViews;
			sourceTree = "<group>";
		};
		FB064B97295D982A00E68B7F /* Extensions */ = {
			isa = PBXGroup;
			children = (
				FB064B98295D983900E68B7F /* UIColor.swift */,
				FB064B9A295D985200E68B7F /* UIView.swift */,
			);
			path = Extensions;
			sourceTree = "<group>";
		};
		FB71F4EA29633D2B008BEC94 /* SignUp */ = {
			isa = PBXGroup;
			children = (
				FB064B72295D897C00E68B7F /* SignUpVC.swift */,
				FB71F4EB29633D39008BEC94 /* SignUpViewModel.swift */,
			);
			path = SignUp;
			sourceTree = "<group>";
		};
		FB8F129E2963539800458CBC /* Models */ = {
			isa = PBXGroup;
			children = (
				FB8F129C296351DF00458CBC /* UserModel.swift */,
			);
			path = Models;
			sourceTree = "<group>";
		};
		FB8F129F296354CD00458CBC /* SignIn */ = {
			isa = PBXGroup;
			children = (
				FB064B9F295E14CE00E68B7F /* SignInVC.swift */,
				FB8F12A72963616E00458CBC /* SignInViewModel.swift */,
			);
			path = SignIn;
			sourceTree = "<group>";
		};
		FB8F12A0296355ED00458CBC /* Core */ = {
			isa = PBXGroup;
			children = (
				FB8F12A5296358C000458CBC /* BaseAuthVC.swift */,
				FB8F12A1296355FC00458CBC /* MainTabBarController.swift */,
				FB8F12AC29636E2E00458CBC /* HomeFeedVC.swift */,
				FB8F12AE29636E9D00458CBC /* ProfileVC.swift */,
				FB8F12B02964667D00458CBC /* AddPostVC.swift */,
			);
			path = Core;
			sourceTree = "<group>";
		};
		FB8F12A92963621E00458CBC /* Builders */ = {
			isa = PBXGroup;
			children = (
				FB8F12AA2963622900458CBC /* ToastBuilder.swift */,
			);
			path = Builders;
			sourceTree = "<group>";
		};
/* End PBXGroup section */

/* Begin PBXNativeTarget section */
		FB064B6A295D897C00E68B7F /* DeveloperMedia */ = {
			isa = PBXNativeTarget;
			buildConfigurationList = FB064B7F295D897F00E68B7F /* Build configuration list for PBXNativeTarget "DeveloperMedia" */;
			buildPhases = (
				FB064B67295D897C00E68B7F /* Sources */,
				FB064B68295D897C00E68B7F /* Frameworks */,
				FB064B69295D897C00E68B7F /* Resources */,
			);
			buildRules = (
			);
			dependencies = (
			);
			name = DeveloperMedia;
			packageProductDependencies = (
				FB064B8E295D8C0300E68B7F /* Lottie */,
				FB064B9D295E103300E68B7F /* SnapKit */,
				FB71F4EE29634728008BEC94 /* Toast */,
				FB8F12982963516400458CBC /* FirebaseAuth */,
				FB8F129A2963516400458CBC /* FirebaseFirestore */,
			);
			productName = DeveloperMedia;
			productReference = FB064B6B295D897C00E68B7F /* DeveloperMedia.app */;
			productType = "com.apple.product-type.application";
		};
/* End PBXNativeTarget section */

/* Begin PBXProject section */
		FB064B63295D897C00E68B7F /* Project object */ = {
			isa = PBXProject;
			attributes = {
				BuildIndependentTargetsInParallel = 1;
				LastSwiftUpdateCheck = 1420;
				LastUpgradeCheck = 1420;
				TargetAttributes = {
					FB064B6A295D897C00E68B7F = {
						CreatedOnToolsVersion = 14.2;
					};
				};
			};
			buildConfigurationList = FB064B66295D897C00E68B7F /* Build configuration list for PBXProject "DeveloperMedia" */;
			compatibilityVersion = "Xcode 14.0";
			developmentRegion = en;
			hasScannedForEncodings = 0;
			knownRegions = (
				en,
				Base,
			);
			mainGroup = FB064B62295D897C00E68B7F;
			packageReferences = (
				FB064B8D295D8C0300E68B7F /* XCRemoteSwiftPackageReference "lottie-ios" */,
				FB064B9C295E103300E68B7F /* XCRemoteSwiftPackageReference "SnapKit" */,
				FB71F4ED29634728008BEC94 /* XCRemoteSwiftPackageReference "Toast-Swift" */,
				FB8F12972963516400458CBC /* XCRemoteSwiftPackageReference "firebase-ios-sdk" */,
			);
			productRefGroup = FB064B6C295D897C00E68B7F /* Products */;
			projectDirPath = "";
			projectRoot = "";
			targets = (
				FB064B6A295D897C00E68B7F /* DeveloperMedia */,
			);
		};
/* End PBXProject section */

/* Begin PBXResourcesBuildPhase section */
		FB064B69295D897C00E68B7F /* Resources */ = {
			isa = PBXResourcesBuildPhase;
			buildActionMask = 2147483647;
			files = (
				FB064B7B295D897F00E68B7F /* LaunchScreen.storyboard in Resources */,
				FB71F4F429634D74008BEC94 /* GoogleService-Info.plist in Resources */,
				FB064B8A295D8B4D00E68B7F /* lottie.json in Resources */,
				FB064B78295D897F00E68B7F /* Assets.xcassets in Resources */,
			);
			runOnlyForDeploymentPostprocessing = 0;
		};
/* End PBXResourcesBuildPhase section */

/* Begin PBXSourcesBuildPhase section */
		FB064B67295D897C00E68B7F /* Sources */ = {
			isa = PBXSourcesBuildPhase;
			buildActionMask = 2147483647;
			files = (
				FB064BA2295E1B2000E68B7F /* DMTextField.swift in Sources */,
				FB8F12AD29636E2E00458CBC /* HomeFeedVC.swift in Sources */,
				FB064B73295D897C00E68B7F /* SignUpVC.swift in Sources */,
				FB8F12A2296355FC00458CBC /* MainTabBarController.swift in Sources */,
				FB8F12B12964667D00458CBC /* AddPostVC.swift in Sources */,
				FB71F4EC29633D39008BEC94 /* SignUpViewModel.swift in Sources */,
				FB064B99295D983900E68B7F /* UIColor.swift in Sources */,
				FB064BA0295E14CE00E68B7F /* SignInVC.swift in Sources */,
				FB064B92295D8C2E00E68B7F /* OnboardingVC.swift in Sources */,
				FB8F12AB2963622900458CBC /* ToastBuilder.swift in Sources */,
				FB064B9B295D985200E68B7F /* UIView.swift in Sources */,
				FB8F12A82963616E00458CBC /* SignInViewModel.swift in Sources */,
				FB064B6F295D897C00E68B7F /* AppDelegate.swift in Sources */,
				FB064B71295D897C00E68B7F /* SceneDelegate.swift in Sources */,
				FB8F12AF29636E9D00458CBC /* ProfileVC.swift in Sources */,
				FB064B95295D904100E68B7F /* DMButton.swift in Sources */,
				FB8F129D296351DF00458CBC /* UserModel.swift in Sources */,
				FB8F12A6296358C000458CBC /* BaseAuthVC.swift in Sources */,
			);
			runOnlyForDeploymentPostprocessing = 0;
		};
/* End PBXSourcesBuildPhase section */

/* Begin PBXVariantGroup section */
		FB064B79295D897F00E68B7F /* LaunchScreen.storyboard */ = {
			isa = PBXVariantGroup;
			children = (
				FB064B7A295D897F00E68B7F /* Base */,
			);
			name = LaunchScreen.storyboard;
			sourceTree = "<group>";
		};
/* End PBXVariantGroup section */

/* Begin XCBuildConfiguration section */
		FB064B7D295D897F00E68B7F /* Debug */ = {
			isa = XCBuildConfiguration;
			buildSettings = {
				ALWAYS_SEARCH_USER_PATHS = NO;
				CLANG_ANALYZER_NONNULL = YES;
				CLANG_ANALYZER_NUMBER_OBJECT_CONVERSION = YES_AGGRESSIVE;
				CLANG_CXX_LANGUAGE_STANDARD = "gnu++20";
				CLANG_ENABLE_MODULES = YES;
				CLANG_ENABLE_OBJC_ARC = YES;
				CLANG_ENABLE_OBJC_WEAK = YES;
				CLANG_WARN_BLOCK_CAPTURE_AUTORELEASING = YES;
				CLANG_WARN_BOOL_CONVERSION = YES;
				CLANG_WARN_COMMA = YES;
				CLANG_WARN_CONSTANT_CONVERSION = YES;
				CLANG_WARN_DEPRECATED_OBJC_IMPLEMENTATIONS = YES;
				CLANG_WARN_DIRECT_OBJC_ISA_USAGE = YES_ERROR;
				CLANG_WARN_DOCUMENTATION_COMMENTS = YES;
				CLANG_WARN_EMPTY_BODY = YES;
				CLANG_WARN_ENUM_CONVERSION = YES;
				CLANG_WARN_INFINITE_RECURSION = YES;
				CLANG_WARN_INT_CONVERSION = YES;
				CLANG_WARN_NON_LITERAL_NULL_CONVERSION = YES;
				CLANG_WARN_OBJC_IMPLICIT_RETAIN_SELF = YES;
				CLANG_WARN_OBJC_LITERAL_CONVERSION = YES;
				CLANG_WARN_OBJC_ROOT_CLASS = YES_ERROR;
				CLANG_WARN_QUOTED_INCLUDE_IN_FRAMEWORK_HEADER = YES;
				CLANG_WARN_RANGE_LOOP_ANALYSIS = YES;
				CLANG_WARN_STRICT_PROTOTYPES = YES;
				CLANG_WARN_SUSPICIOUS_MOVE = YES;
				CLANG_WARN_UNGUARDED_AVAILABILITY = YES_AGGRESSIVE;
				CLANG_WARN_UNREACHABLE_CODE = YES;
				CLANG_WARN__DUPLICATE_METHOD_MATCH = YES;
				COPY_PHASE_STRIP = NO;
				DEBUG_INFORMATION_FORMAT = dwarf;
				ENABLE_STRICT_OBJC_MSGSEND = YES;
				ENABLE_TESTABILITY = YES;
				GCC_C_LANGUAGE_STANDARD = gnu11;
				GCC_DYNAMIC_NO_PIC = NO;
				GCC_NO_COMMON_BLOCKS = YES;
				GCC_OPTIMIZATION_LEVEL = 0;
				GCC_PREPROCESSOR_DEFINITIONS = (
					"DEBUG=1",
					"$(inherited)",
				);
				GCC_WARN_64_TO_32_BIT_CONVERSION = YES;
				GCC_WARN_ABOUT_RETURN_TYPE = YES_ERROR;
				GCC_WARN_UNDECLARED_SELECTOR = YES;
				GCC_WARN_UNINITIALIZED_AUTOS = YES_AGGRESSIVE;
				GCC_WARN_UNUSED_FUNCTION = YES;
				GCC_WARN_UNUSED_VARIABLE = YES;
				IPHONEOS_DEPLOYMENT_TARGET = 16.2;
				MTL_ENABLE_DEBUG_INFO = INCLUDE_SOURCE;
				MTL_FAST_MATH = YES;
				ONLY_ACTIVE_ARCH = YES;
				SDKROOT = iphoneos;
				SWIFT_ACTIVE_COMPILATION_CONDITIONS = DEBUG;
				SWIFT_OPTIMIZATION_LEVEL = "-Onone";
			};
			name = Debug;
		};
		FB064B7E295D897F00E68B7F /* Release */ = {
			isa = XCBuildConfiguration;
			buildSettings = {
				ALWAYS_SEARCH_USER_PATHS = NO;
				CLANG_ANALYZER_NONNULL = YES;
				CLANG_ANALYZER_NUMBER_OBJECT_CONVERSION = YES_AGGRESSIVE;
				CLANG_CXX_LANGUAGE_STANDARD = "gnu++20";
				CLANG_ENABLE_MODULES = YES;
				CLANG_ENABLE_OBJC_ARC = YES;
				CLANG_ENABLE_OBJC_WEAK = YES;
				CLANG_WARN_BLOCK_CAPTURE_AUTORELEASING = YES;
				CLANG_WARN_BOOL_CONVERSION = YES;
				CLANG_WARN_COMMA = YES;
				CLANG_WARN_CONSTANT_CONVERSION = YES;
				CLANG_WARN_DEPRECATED_OBJC_IMPLEMENTATIONS = YES;
				CLANG_WARN_DIRECT_OBJC_ISA_USAGE = YES_ERROR;
				CLANG_WARN_DOCUMENTATION_COMMENTS = YES;
				CLANG_WARN_EMPTY_BODY = YES;
				CLANG_WARN_ENUM_CONVERSION = YES;
				CLANG_WARN_INFINITE_RECURSION = YES;
				CLANG_WARN_INT_CONVERSION = YES;
				CLANG_WARN_NON_LITERAL_NULL_CONVERSION = YES;
				CLANG_WARN_OBJC_IMPLICIT_RETAIN_SELF = YES;
				CLANG_WARN_OBJC_LITERAL_CONVERSION = YES;
				CLANG_WARN_OBJC_ROOT_CLASS = YES_ERROR;
				CLANG_WARN_QUOTED_INCLUDE_IN_FRAMEWORK_HEADER = YES;
				CLANG_WARN_RANGE_LOOP_ANALYSIS = YES;
				CLANG_WARN_STRICT_PROTOTYPES = YES;
				CLANG_WARN_SUSPICIOUS_MOVE = YES;
				CLANG_WARN_UNGUARDED_AVAILABILITY = YES_AGGRESSIVE;
				CLANG_WARN_UNREACHABLE_CODE = YES;
				CLANG_WARN__DUPLICATE_METHOD_MATCH = YES;
				COPY_PHASE_STRIP = NO;
				DEBUG_INFORMATION_FORMAT = "dwarf-with-dsym";
				ENABLE_NS_ASSERTIONS = NO;
				ENABLE_STRICT_OBJC_MSGSEND = YES;
				GCC_C_LANGUAGE_STANDARD = gnu11;
				GCC_NO_COMMON_BLOCKS = YES;
				GCC_WARN_64_TO_32_BIT_CONVERSION = YES;
				GCC_WARN_ABOUT_RETURN_TYPE = YES_ERROR;
				GCC_WARN_UNDECLARED_SELECTOR = YES;
				GCC_WARN_UNINITIALIZED_AUTOS = YES_AGGRESSIVE;
				GCC_WARN_UNUSED_FUNCTION = YES;
				GCC_WARN_UNUSED_VARIABLE = YES;
				IPHONEOS_DEPLOYMENT_TARGET = 16.2;
				MTL_ENABLE_DEBUG_INFO = NO;
				MTL_FAST_MATH = YES;
				SDKROOT = iphoneos;
				SWIFT_COMPILATION_MODE = wholemodule;
				SWIFT_OPTIMIZATION_LEVEL = "-O";
				VALIDATE_PRODUCT = YES;
			};
			name = Release;
		};
		FB064B80295D897F00E68B7F /* Debug */ = {
			isa = XCBuildConfiguration;
			buildSettings = {
				ASSETCATALOG_COMPILER_APPICON_NAME = AppIcon;
				ASSETCATALOG_COMPILER_GLOBAL_ACCENT_COLOR_NAME = AccentColor;
				CODE_SIGN_STYLE = Automatic;
				CURRENT_PROJECT_VERSION = 1;
				DEVELOPMENT_TEAM = HG8VJQPKXZ;
				GENERATE_INFOPLIST_FILE = YES;
				INFOPLIST_FILE = "DeveloperMedia/Supporting Files/Info.plist";
				INFOPLIST_KEY_UIApplicationSupportsIndirectInputEvents = YES;
				INFOPLIST_KEY_UILaunchStoryboardName = LaunchScreen;
				INFOPLIST_KEY_UISupportedInterfaceOrientations = UIInterfaceOrientationPortrait;
				INFOPLIST_KEY_UISupportedInterfaceOrientations_iPad = "UIInterfaceOrientationLandscapeLeft UIInterfaceOrientationLandscapeRight UIInterfaceOrientationPortrait UIInterfaceOrientationPortraitUpsideDown";
				LD_RUNPATH_SEARCH_PATHS = (
					"$(inherited)",
					"@executable_path/Frameworks",
				);
				MARKETING_VERSION = 1.0;
				PRODUCT_BUNDLE_IDENTIFIER = dev.nsemir.DeveloperMedia;
				PRODUCT_NAME = "$(TARGET_NAME)";
				SUPPORTED_PLATFORMS = "iphoneos iphonesimulator";
				SUPPORTS_MACCATALYST = NO;
				SUPPORTS_MAC_DESIGNED_FOR_IPHONE_IPAD = NO;
				SWIFT_EMIT_LOC_STRINGS = YES;
				SWIFT_VERSION = 5.0;
				TARGETED_DEVICE_FAMILY = 1;
			};
			name = Debug;
		};
		FB064B81295D897F00E68B7F /* Release */ = {
			isa = XCBuildConfiguration;
			buildSettings = {
				ASSETCATALOG_COMPILER_APPICON_NAME = AppIcon;
				ASSETCATALOG_COMPILER_GLOBAL_ACCENT_COLOR_NAME = AccentColor;
				CODE_SIGN_STYLE = Automatic;
				CURRENT_PROJECT_VERSION = 1;
				DEVELOPMENT_TEAM = HG8VJQPKXZ;
				GENERATE_INFOPLIST_FILE = YES;
				INFOPLIST_FILE = "DeveloperMedia/Supporting Files/Info.plist";
				INFOPLIST_KEY_UIApplicationSupportsIndirectInputEvents = YES;
				INFOPLIST_KEY_UILaunchStoryboardName = LaunchScreen;
				INFOPLIST_KEY_UISupportedInterfaceOrientations = UIInterfaceOrientationPortrait;
				INFOPLIST_KEY_UISupportedInterfaceOrientations_iPad = "UIInterfaceOrientationLandscapeLeft UIInterfaceOrientationLandscapeRight UIInterfaceOrientationPortrait UIInterfaceOrientationPortraitUpsideDown";
				LD_RUNPATH_SEARCH_PATHS = (
					"$(inherited)",
					"@executable_path/Frameworks",
				);
				MARKETING_VERSION = 1.0;
				PRODUCT_BUNDLE_IDENTIFIER = dev.nsemir.DeveloperMedia;
				PRODUCT_NAME = "$(TARGET_NAME)";
				SUPPORTED_PLATFORMS = "iphoneos iphonesimulator";
				SUPPORTS_MACCATALYST = NO;
				SUPPORTS_MAC_DESIGNED_FOR_IPHONE_IPAD = NO;
				SWIFT_EMIT_LOC_STRINGS = YES;
				SWIFT_VERSION = 5.0;
				TARGETED_DEVICE_FAMILY = 1;
			};
			name = Release;
		};
/* End XCBuildConfiguration section */

/* Begin XCConfigurationList section */
		FB064B66295D897C00E68B7F /* Build configuration list for PBXProject "DeveloperMedia" */ = {
			isa = XCConfigurationList;
			buildConfigurations = (
				FB064B7D295D897F00E68B7F /* Debug */,
				FB064B7E295D897F00E68B7F /* Release */,
			);
			defaultConfigurationIsVisible = 0;
			defaultConfigurationName = Release;
		};
		FB064B7F295D897F00E68B7F /* Build configuration list for PBXNativeTarget "DeveloperMedia" */ = {
			isa = XCConfigurationList;
			buildConfigurations = (
				FB064B80295D897F00E68B7F /* Debug */,
				FB064B81295D897F00E68B7F /* Release */,
			);
			defaultConfigurationIsVisible = 0;
			defaultConfigurationName = Release;
		};
/* End XCConfigurationList section */

/* Begin XCRemoteSwiftPackageReference section */
		FB064B8D295D8C0300E68B7F /* XCRemoteSwiftPackageReference "lottie-ios" */ = {
			isa = XCRemoteSwiftPackageReference;
			repositoryURL = "https://github.com/airbnb/lottie-ios.git";
			requirement = {
				kind = upToNextMajorVersion;
				minimumVersion = 4.0.0;
			};
		};
		FB064B9C295E103300E68B7F /* XCRemoteSwiftPackageReference "SnapKit" */ = {
			isa = XCRemoteSwiftPackageReference;
			repositoryURL = "https://github.com/SnapKit/SnapKit";
			requirement = {
				kind = upToNextMajorVersion;
				minimumVersion = 5.0.0;
			};
		};
		FB71F4ED29634728008BEC94 /* XCRemoteSwiftPackageReference "Toast-Swift" */ = {
			isa = XCRemoteSwiftPackageReference;
			repositoryURL = "https://github.com/scalessec/Toast-Swift.git";
			requirement = {
				kind = upToNextMajorVersion;
				minimumVersion = 5.0.0;
			};
		};
		FB8F12972963516400458CBC /* XCRemoteSwiftPackageReference "firebase-ios-sdk" */ = {
			isa = XCRemoteSwiftPackageReference;
			repositoryURL = "https://github.com/firebase/firebase-ios-sdk.git";
			requirement = {
				kind = upToNextMajorVersion;
				minimumVersion = 9.0.0;
			};
		};
/* End XCRemoteSwiftPackageReference section */

/* Begin XCSwiftPackageProductDependency section */
		FB064B8E295D8C0300E68B7F /* Lottie */ = {
			isa = XCSwiftPackageProductDependency;
			package = FB064B8D295D8C0300E68B7F /* XCRemoteSwiftPackageReference "lottie-ios" */;
			productName = Lottie;
		};
		FB064B9D295E103300E68B7F /* SnapKit */ = {
			isa = XCSwiftPackageProductDependency;
			package = FB064B9C295E103300E68B7F /* XCRemoteSwiftPackageReference "SnapKit" */;
			productName = SnapKit;
		};
		FB71F4EE29634728008BEC94 /* Toast */ = {
			isa = XCSwiftPackageProductDependency;
			package = FB71F4ED29634728008BEC94 /* XCRemoteSwiftPackageReference "Toast-Swift" */;
			productName = Toast;
		};
		FB8F12982963516400458CBC /* FirebaseAuth */ = {
			isa = XCSwiftPackageProductDependency;
			package = FB8F12972963516400458CBC /* XCRemoteSwiftPackageReference "firebase-ios-sdk" */;
			productName = FirebaseAuth;
		};
		FB8F129A2963516400458CBC /* FirebaseFirestore */ = {
			isa = XCSwiftPackageProductDependency;
			package = FB8F12972963516400458CBC /* XCRemoteSwiftPackageReference "firebase-ios-sdk" */;
			productName = FirebaseFirestore;
		};
/* End XCSwiftPackageProductDependency section */
	};
	rootObject = FB064B63295D897C00E68B7F /* Project object */;
}
